// !$*UTF8*$!
{
	archiveVersion = 1;
	classes = {
	};
	objectVersion = 48;
	objects = {

/* Begin PBXBuildFile section */
		33D4A72A1FCECE64002F4BF2 /* AppDelegate.swift in Sources */ = {isa = PBXBuildFile; fileRef = 33D4A7291FCECE64002F4BF2 /* AppDelegate.swift */; };
		33D4A72C1FCECE64002F4BF2 /* ViewController.swift in Sources */ = {isa = PBXBuildFile; fileRef = 33D4A72B1FCECE64002F4BF2 /* ViewController.swift */; };
		33D4A72F1FCECE64002F4BF2 /* Main.storyboard in Resources */ = {isa = PBXBuildFile; fileRef = 33D4A72D1FCECE64002F4BF2 /* Main.storyboard */; };
		33D4A7311FCECE64002F4BF2 /* Assets.xcassets in Resources */ = {isa = PBXBuildFile; fileRef = 33D4A7301FCECE64002F4BF2 /* Assets.xcassets */; };
		33D4A7341FCECE64002F4BF2 /* LaunchScreen.storyboard in Resources */ = {isa = PBXBuildFile; fileRef = 33D4A7321FCECE64002F4BF2 /* LaunchScreen.storyboard */; };
		33D4A73F1FCECE64002F4BF2 /* Demo_UITests.swift in Sources */ = {isa = PBXBuildFile; fileRef = 33D4A73E1FCECE64002F4BF2 /* Demo_UITests.swift */; };
/* End PBXBuildFile section */

/* Begin PBXContainerItemProxy section */
		33D4A73B1FCECE64002F4BF2 /* PBXContainerItemProxy */ = {
			isa = PBXContainerItemProxy;
			containerPortal = 33D4A71E1FCECE64002F4BF2 /* Project object */;
			proxyType = 1;
			remoteGlobalIDString = 33D4A7251FCECE64002F4BF2;
			remoteInfo = "Demo UI";
		};
/* End PBXContainerItemProxy section */

/* Begin PBXFileReference section */
		33D4A7261FCECE64002F4BF2 /* Demo UI.app */ = {isa = PBXFileReference; explicitFileType = wrapper.application; includeInIndex = 0; path = "Demo UI.app"; sourceTree = BUILT_PRODUCTS_DIR; };
		33D4A7291FCECE64002F4BF2 /* AppDelegate.swift */ = {isa = PBXFileReference; lastKnownFileType = sourcecode.swift; path = AppDelegate.swift; sourceTree = "<group>"; };
		33D4A72B1FCECE64002F4BF2 /* ViewController.swift */ = {isa = PBXFileReference; lastKnownFileType = sourcecode.swift; path = ViewController.swift; sourceTree = "<group>"; };
		33D4A72E1FCECE64002F4BF2 /* Base */ = {isa = PBXFileReference; lastKnownFileType = file.storyboard; name = Base; path = Base.lproj/Main.storyboard; sourceTree = "<group>"; };
		33D4A7301FCECE64002F4BF2 /* Assets.xcassets */ = {isa = PBXFileReference; lastKnownFileType = folder.assetcatalog; path = Assets.xcassets; sourceTree = "<group>"; };
		33D4A7331FCECE64002F4BF2 /* Base */ = {isa = PBXFileReference; lastKnownFileType = file.storyboard; name = Base; path = Base.lproj/LaunchScreen.storyboard; sourceTree = "<group>"; };
		33D4A7351FCECE64002F4BF2 /* Info.plist */ = {isa = PBXFileReference; lastKnownFileType = text.plist.xml; path = Info.plist; sourceTree = "<group>"; };
		33D4A73A1FCECE64002F4BF2 /* Demo UITests.xctest */ = {isa = PBXFileReference; explicitFileType = wrapper.cfbundle; includeInIndex = 0; path = "Demo UITests.xctest"; sourceTree = BUILT_PRODUCTS_DIR; };
		33D4A73E1FCECE64002F4BF2 /* Demo_UITests.swift */ = {isa = PBXFileReference; lastKnownFileType = sourcecode.swift; path = Demo_UITests.swift; sourceTree = "<group>"; };
		33D4A7401FCECE64002F4BF2 /* Info.plist */ = {isa = PBXFileReference; lastKnownFileType = text.plist.xml; path = Info.plist; sourceTree = "<group>"; };
/* End PBXFileReference section */

/* Begin PBXFrameworksBuildPhase section */
		33D4A7231FCECE64002F4BF2 /* Frameworks */ = {
			isa = PBXFrameworksBuildPhase;
			buildActionMask = 2147483647;
			files = (
			);
			runOnlyForDeploymentPostprocessing = 0;
		};
		33D4A7371FCECE64002F4BF2 /* Frameworks */ = {
			isa = PBXFrameworksBuildPhase;
			buildActionMask = 2147483647;
			files = (
			);
			runOnlyForDeploymentPostprocessing = 0;
		};
/* End PBXFrameworksBuildPhase section */

/* Begin PBXGroup section */
		33D4A71D1FCECE64002F4BF2 = {
			isa = PBXGroup;
			children = (
				33D4A7281FCECE64002F4BF2 /* Demo UI */,
				33D4A73D1FCECE64002F4BF2 /* Demo UITests */,
				33D4A7271FCECE64002F4BF2 /* Products */,
			);
			sourceTree = "<group>";
		};
		33D4A7271FCECE64002F4BF2 /* Products */ = {
			isa = PBXGroup;
			children = (
				33D4A7261FCECE64002F4BF2 /* Demo UI.app */,
				33D4A73A1FCECE64002F4BF2 /* Demo UITests.xctest */,
			);
			name = Products;
			sourceTree = "<group>";
		};
		33D4A7281FCECE64002F4BF2 /* Demo UI */ = {
			isa = PBXGroup;
			children = (
				33D4A7291FCECE64002F4BF2 /* AppDelegate.swift */,
				33D4A72B1FCECE64002F4BF2 /* ViewController.swift */,
				33D4A72D1FCECE64002F4BF2 /* Main.storyboard */,
				33D4A7301FCECE64002F4BF2 /* Assets.xcassets */,
				33D4A7321FCECE64002F4BF2 /* LaunchScreen.storyboard */,
				33D4A7351FCECE64002F4BF2 /* Info.plist */,
			);
			path = "Demo UI";
			sourceTree = "<group>";
		};
		33D4A73D1FCECE64002F4BF2 /* Demo UITests */ = {
			isa = PBXGroup;
			children = (
				33D4A73E1FCECE64002F4BF2 /* Demo_UITests.swift */,
				33D4A7401FCECE64002F4BF2 /* Info.plist */,
			);
			path = "Demo UITests";
			sourceTree = "<group>";
		};
/* End PBXGroup section */

/* Begin PBXNativeTarget section */
		33D4A7251FCECE64002F4BF2 /* Demo UI */ = {
			isa = PBXNativeTarget;
			buildConfigurationList = 33D4A7431FCECE64002F4BF2 /* Build configuration list for PBXNativeTarget "Demo UI" */;
			buildPhases = (
				33D4A7221FCECE64002F4BF2 /* Sources */,
				33D4A7231FCECE64002F4BF2 /* Frameworks */,
				33D4A7241FCECE64002F4BF2 /* Resources */,
			);
			buildRules = (
			);
			dependencies = (
			);
			name = "Demo UI";
			productName = "Demo UI";
			productReference = 33D4A7261FCECE64002F4BF2 /* Demo UI.app */;
			productType = "com.apple.product-type.application";
		};
		33D4A7391FCECE64002F4BF2 /* Demo UITests */ = {
			isa = PBXNativeTarget;
			buildConfigurationList = 33D4A7461FCECE64002F4BF2 /* Build configuration list for PBXNativeTarget "Demo UITests" */;
			buildPhases = (
				33D4A7361FCECE64002F4BF2 /* Sources */,
				33D4A7371FCECE64002F4BF2 /* Frameworks */,
				33D4A7381FCECE64002F4BF2 /* Resources */,
			);
			buildRules = (
			);
			dependencies = (
				33D4A73C1FCECE64002F4BF2 /* PBXTargetDependency */,
			);
			name = "Demo UITests";
			productName = "Demo UITests";
			productReference = 33D4A73A1FCECE64002F4BF2 /* Demo UITests.xctest */;
			productType = "com.apple.product-type.bundle.unit-test";
		};
/* End PBXNativeTarget section */

/* Begin PBXProject section */
		33D4A71E1FCECE64002F4BF2 /* Project object */ = {
			isa = PBXProject;
			attributes = {
				LastSwiftUpdateCheck = 0910;
				LastUpgradeCheck = 0910;
				ORGANIZATIONNAME = SQLI;
				TargetAttributes = {
					33D4A7251FCECE64002F4BF2 = {
						CreatedOnToolsVersion = 9.1;
						ProvisioningStyle = Automatic;
					};
					33D4A7391FCECE64002F4BF2 = {
						CreatedOnToolsVersion = 9.1;
						ProvisioningStyle = Automatic;
						TestTargetID = 33D4A7251FCECE64002F4BF2;
					};
				};
			};
			buildConfigurationList = 33D4A7211FCECE64002F4BF2 /* Build configuration list for PBXProject "Demo UI" */;
			compatibilityVersion = "Xcode 8.0";
			developmentRegion = en;
			hasScannedForEncodings = 0;
			knownRegions = (
				en,
				Base,
			);
			mainGroup = 33D4A71D1FCECE64002F4BF2;
			productRefGroup = 33D4A7271FCECE64002F4BF2 /* Products */;
			projectDirPath = "";
			projectRoot = "";
			targets = (
				33D4A7251FCECE64002F4BF2 /* Demo UI */,
				33D4A7391FCECE64002F4BF2 /* Demo UITests */,
			);
		};
/* End PBXProject section */

/* Begin PBXResourcesBuildPhase section */
		33D4A7241FCECE64002F4BF2 /* Resources */ = {
			isa = PBXResourcesBuildPhase;
			buildActionMask = 2147483647;
			files = (
				33D4A7341FCECE64002F4BF2 /* LaunchScreen.storyboard in Resources */,
				33D4A7311FCECE64002F4BF2 /* Assets.xcassets in Resources */,
				33D4A72F1FCECE64002F4BF2 /* Main.storyboard in Resources */,
			);
			runOnlyForDeploymentPostprocessing = 0;
		};
		33D4A7381FCECE64002F4BF2 /* Resources */ = {
			isa = PBXResourcesBuildPhase;
			buildActionMask = 2147483647;
			files = (
			);
			runOnlyForDeploymentPostprocessing = 0;
		};
/* End PBXResourcesBuildPhase section */

/* Begin PBXSourcesBuildPhase section */
		33D4A7221FCECE64002F4BF2 /* Sources */ = {
			isa = PBXSourcesBuildPhase;
			buildActionMask = 2147483647;
			files = (
				33D4A72C1FCECE64002F4BF2 /* ViewController.swift in Sources */,
				33D4A72A1FCECE64002F4BF2 /* AppDelegate.swift in Sources */,
			);
			runOnlyForDeploymentPostprocessing = 0;
		};
		33D4A7361FCECE64002F4BF2 /* Sources */ = {
			isa = PBXSourcesBuildPhase;
			buildActionMask = 2147483647;
			files = (
				33D4A73F1FCECE64002F4BF2 /* Demo_UITests.swift in Sources */,
			);
			runOnlyForDeploymentPostprocessing = 0;
		};
/* End PBXSourcesBuildPhase section */

/* Begin PBXTargetDependency section */
		33D4A73C1FCECE64002F4BF2 /* PBXTargetDependency */ = {
			isa = PBXTargetDependency;
			target = 33D4A7251FCECE64002F4BF2 /* Demo UI */;
			targetProxy = 33D4A73B1FCECE64002F4BF2 /* PBXContainerItemProxy */;
		};
/* End PBXTargetDependency section */

/* Begin PBXVariantGroup section */
		33D4A72D1FCECE64002F4BF2 /* Main.storyboard */ = {
			isa = PBXVariantGroup;
			children = (
				33D4A72E1FCECE64002F4BF2 /* Base */,
			);
			name = Main.storyboard;
			sourceTree = "<group>";
		};
		33D4A7321FCECE64002F4BF2 /* LaunchScreen.storyboard */ = {
			isa = PBXVariantGroup;
			children = (
				33D4A7331FCECE64002F4BF2 /* Base */,
			);
			name = LaunchScreen.storyboard;
			sourceTree = "<group>";
		};
/* End PBXVariantGroup section */

/* Begin XCBuildConfiguration section */
		33D4A7411FCECE64002F4BF2 /* Debug */ = {
			isa = XCBuildConfiguration;
			buildSettings = {
				ALWAYS_SEARCH_USER_PATHS = NO;
				CLANG_ANALYZER_NONNULL = YES;
				CLANG_ANALYZER_NUMBER_OBJECT_CONVERSION = YES_AGGRESSIVE;
				CLANG_CXX_LANGUAGE_STANDARD = "gnu++14";
				CLANG_CXX_LIBRARY = "libc++";
				CLANG_ENABLE_MODULES = YES;
				CLANG_ENABLE_OBJC_ARC = YES;
				CLANG_WARN_BLOCK_CAPTURE_AUTORELEASING = YES;
				CLANG_WARN_BOOL_CONVERSION = YES;
				CLANG_WARN_COMMA = YES;
				CLANG_WARN_CONSTANT_CONVERSION = YES;
				CLANG_WARN_DIRECT_OBJC_ISA_USAGE = YES_ERROR;
				CLANG_WARN_DOCUMENTATION_COMMENTS = YES;
				CLANG_WARN_EMPTY_BODY = YES;
				CLANG_WARN_ENUM_CONVERSION = YES;
				CLANG_WARN_INFINITE_RECURSION = YES;
				CLANG_WARN_INT_CONVERSION = YES;
				CLANG_WARN_NON_LITERAL_NULL_CONVERSION = YES;
				CLANG_WARN_OBJC_LITERAL_CONVERSION = YES;
				CLANG_WARN_OBJC_ROOT_CLASS = YES_ERROR;
				CLANG_WARN_RANGE_LOOP_ANALYSIS = YES;
				CLANG_WARN_STRICT_PROTOTYPES = YES;
				CLANG_WARN_SUSPICIOUS_MOVE = YES;
				CLANG_WARN_UNGUARDED_AVAILABILITY = YES_AGGRESSIVE;
				CLANG_WARN_UNREACHABLE_CODE = YES;
				CLANG_WARN__DUPLICATE_METHOD_MATCH = YES;
				CODE_SIGN_IDENTITY = "iPhone Developer";
				COPY_PHASE_STRIP = NO;
				DEBUG_INFORMATION_FORMAT = dwarf;
				ENABLE_STRICT_OBJC_MSGSEND = YES;
				ENABLE_TESTABILITY = YES;
				GCC_C_LANGUAGE_STANDARD = gnu11;
				GCC_DYNAMIC_NO_PIC = NO;
				GCC_NO_COMMON_BLOCKS = YES;
				GCC_OPTIMIZATION_LEVEL = 0;
				GCC_PREPROCESSOR_DEFINITIONS = (
					"DEBUG=1",
					"$(inherited)",
				);
				GCC_WARN_64_TO_32_BIT_CONVERSION = YES;
				GCC_WARN_ABOUT_RETURN_TYPE = YES_ERROR;
				GCC_WARN_UNDECLARED_SELECTOR = YES;
				GCC_WARN_UNINITIALIZED_AUTOS = YES_AGGRESSIVE;
				GCC_WARN_UNUSED_FUNCTION = YES;
				GCC_WARN_UNUSED_VARIABLE = YES;
				IPHONEOS_DEPLOYMENT_TARGET = 11.1;
				MTL_ENABLE_DEBUG_INFO = YES;
				ONLY_ACTIVE_ARCH = YES;
				SDKROOT = iphoneos;
				SWIFT_ACTIVE_COMPILATION_CONDITIONS = DEBUG;
				SWIFT_OPTIMIZATION_LEVEL = "-Onone";
			};
			name = Debug;
		};
		33D4A7421FCECE64002F4BF2 /* Release */ = {
			isa = XCBuildConfiguration;
			buildSettings = {
				ALWAYS_SEARCH_USER_PATHS = NO;
				CLANG_ANALYZER_NONNULL = YES;
				CLANG_ANALYZER_NUMBER_OBJECT_CONVERSION = YES_AGGRESSIVE;
				CLANG_CXX_LANGUAGE_STANDARD = "gnu++14";
				CLANG_CXX_LIBRARY = "libc++";
				CLANG_ENABLE_MODULES = YES;
				CLANG_ENABLE_OBJC_ARC = YES;
				CLANG_WARN_BLOCK_CAPTURE_AUTORELEASING = YES;
				CLANG_WARN_BOOL_CONVERSION = YES;
				CLANG_WARN_COMMA = YES;
				CLANG_WARN_CONSTANT_CONVERSION = YES;
				CLANG_WARN_DIRECT_OBJC_ISA_USAGE = YES_ERROR;
				CLANG_WARN_DOCUMENTATION_COMMENTS = YES;
				CLANG_WARN_EMPTY_BODY = YES;
				CLANG_WARN_ENUM_CONVERSION = YES;
				CLANG_WARN_INFINITE_RECURSION = YES;
				CLANG_WARN_INT_CONVERSION = YES;
				CLANG_WARN_NON_LITERAL_NULL_CONVERSION = YES;
				CLANG_WARN_OBJC_LITERAL_CONVERSION = YES;
				CLANG_WARN_OBJC_ROOT_CLASS = YES_ERROR;
				CLANG_WARN_RANGE_LOOP_ANALYSIS = YES;
				CLANG_WARN_STRICT_PROTOTYPES = YES;
				CLANG_WARN_SUSPICIOUS_MOVE = YES;
				CLANG_WARN_UNGUARDED_AVAILABILITY = YES_AGGRESSIVE;
				CLANG_WARN_UNREACHABLE_CODE = YES;
				CLANG_WARN__DUPLICATE_METHOD_MATCH = YES;
				CODE_SIGN_IDENTITY = "iPhone Developer";
				COPY_PHASE_STRIP = NO;
				DEBUG_INFORMATION_FORMAT = "dwarf-with-dsym";
				ENABLE_NS_ASSERTIONS = NO;
				ENABLE_STRICT_OBJC_MSGSEND = YES;
				GCC_C_LANGUAGE_STANDARD = gnu11;
				GCC_NO_COMMON_BLOCKS = YES;
				GCC_WARN_64_TO_32_BIT_CONVERSION = YES;
				GCC_WARN_ABOUT_RETURN_TYPE = YES_ERROR;
				GCC_WARN_UNDECLARED_SELECTOR = YES;
				GCC_WARN_UNINITIALIZED_AUTOS = YES_AGGRESSIVE;
				GCC_WARN_UNUSED_FUNCTION = YES;
				GCC_WARN_UNUSED_VARIABLE = YES;
				IPHONEOS_DEPLOYMENT_TARGET = 11.1;
				MTL_ENABLE_DEBUG_INFO = NO;
				SDKROOT = iphoneos;
				SWIFT_OPTIMIZATION_LEVEL = "-Owholemodule";
				VALIDATE_PRODUCT = YES;
			};
			name = Release;
		};
		33D4A7441FCECE64002F4BF2 /* Debug */ = {
			isa = XCBuildConfiguration;
			buildSettings = {
				ASSETCATALOG_COMPILER_APPICON_NAME = AppIcon;
				CODE_SIGN_STYLE = Automatic;
				INFOPLIST_FILE = "Demo UI/Info.plist";
				LD_RUNPATH_SEARCH_PATHS = "$(inherited) @executable_path/Frameworks";
				PRODUCT_BUNDLE_IDENTIFIER = "fr.sqli.training.swift.Demo-UI";
				PRODUCT_NAME = "$(TARGET_NAME)";
				SWIFT_VERSION = 4.0;
				TARGETED_DEVICE_FAMILY = "1,2";
			};
			name = Debug;
		};
		33D4A7451FCECE64002F4BF2 /* Release */ = {
			isa = XCBuildConfiguration;
			buildSettings = {
				ASSETCATALOG_COMPILER_APPICON_NAME = AppIcon;
				CODE_SIGN_STYLE = Automatic;
				INFOPLIST_FILE = "Demo UI/Info.plist";
				LD_RUNPATH_SEARCH_PATHS = "$(inherited) @executable_path/Frameworks";
				PRODUCT_BUNDLE_IDENTIFIER = "fr.sqli.training.swift.Demo-UI";
				PRODUCT_NAME = "$(TARGET_NAME)";
				SWIFT_VERSION = 4.0;
				TARGETED_DEVICE_FAMILY = "1,2";
			};
			name = Release;
		};
		33D4A7471FCECE64002F4BF2 /* Debug */ = {
			isa = XCBuildConfiguration;
			buildSettings = {
				ALWAYS_EMBED_SWIFT_STANDARD_LIBRARIES = YES;
				BUNDLE_LOADER = "$(TEST_HOST)";
				CODE_SIGN_STYLE = Automatic;
				INFOPLIST_FILE = "Demo UITests/Info.plist";
				LD_RUNPATH_SEARCH_PATHS = "$(inherited) @executable_path/Frameworks @loader_path/Frameworks";
				PRODUCT_BUNDLE_IDENTIFIER = "fr.sqli.training.swift.Demo-UITests";
				PRODUCT_NAME = "$(TARGET_NAME)";
				SWIFT_VERSION = 4.0;
				TARGETED_DEVICE_FAMILY = "1,2";
				TEST_HOST = "$(BUILT_PRODUCTS_DIR)/Demo UI.app/Demo UI";
			};
			name = Debug;
		};
		33D4A7481FCECE64002F4BF2 /* Release */ = {
			isa = XCBuildConfiguration;
			buildSettings = {
				ALWAYS_EMBED_SWIFT_STANDARD_LIBRARIES = YES;
				BUNDLE_LOADER = "$(TEST_HOST)";
				CODE_SIGN_STYLE = Automatic;
				INFOPLIST_FILE = "Demo UITests/Info.plist";
				LD_RUNPATH_SEARCH_PATHS = "$(inherited) @executable_path/Frameworks @loader_path/Frameworks";
				PRODUCT_BUNDLE_IDENTIFIER = "fr.sqli.training.swift.Demo-UITests";
				PRODUCT_NAME = "$(TARGET_NAME)";
				SWIFT_VERSION = 4.0;
				TARGETED_DEVICE_FAMILY = "1,2";
				TEST_HOST = "$(BUILT_PRODUCTS_DIR)/Demo UI.app/Demo UI";
			};
			name = Release;
		};
/* End XCBuildConfiguration section */

/* Begin XCConfigurationList section */
		33D4A7211FCECE64002F4BF2 /* Build configuration list for PBXProject "Demo UI" */ = {
			isa = XCConfigurationList;
			buildConfigurations = (
				33D4A7411FCECE64002F4BF2 /* Debug */,
				33D4A7421FCECE64002F4BF2 /* Release */,
			);
			defaultConfigurationIsVisible = 0;
			defaultConfigurationName = Release;
		};
		33D4A7431FCECE64002F4BF2 /* Build configuration list for PBXNativeTarget "Demo UI" */ = {
			isa = XCConfigurationList;
			buildConfigurations = (
				33D4A7441FCECE64002F4BF2 /* Debug */,
				33D4A7451FCECE64002F4BF2 /* Release */,
			);
			defaultConfigurationIsVisible = 0;
			defaultConfigurationName = Release;
		};
		33D4A7461FCECE64002F4BF2 /* Build configuration list for PBXNativeTarget "Demo UITests" */ = {
			isa = XCConfigurationList;
			buildConfigurations = (
				33D4A7471FCECE64002F4BF2 /* Debug */,
				33D4A7481FCECE64002F4BF2 /* Release */,
			);
			defaultConfigurationIsVisible = 0;
			defaultConfigurationName = Release;
		};
/* End XCConfigurationList section */
	};
	rootObject = 33D4A71E1FCECE64002F4BF2 /* Project object */;
}
